<?xml version="1.0" encoding="utf-8"?>
<Project ToolsVersion="4.0" xmlns="http://schemas.microsoft.com/developer/msbuild/2003">
  <ItemGroup>
    <ClCompile Include="Component\ActorComponent.cpp" />
    <ClCompile Include="Core\Core.cpp" />
    <ClCompile Include="Object\Actor\Actor.cpp" />
    <ClCompile Include="Object\Class.cpp" />
    <ClCompile Include="Component\CubeComponent.cpp" />
    <ClCompile Include="EngineTest.cpp" />
    <ClCompile Include="Object\Object.cpp" />
    <ClCompile Include="Component\SceneComponent.cpp" />
    <ClCompile Include="Component\SphereComponent.cpp" />
    <ClCompile Include="Object\ObjectManager.cpp" />
    <ClCompile Include="Object\Scene\Scene.cpp" />
    <ClCompile Include="Math\Vector.cpp" />
    <ClCompile Include="Math\Matrix.cpp" />
    <ClCompile Include="Math\Transform.cpp" />
    <ClCompile Include="Camera\Camera.cpp" />
    <ClCompile Include="Component\PrimitiveComponent.cpp" />
    <ClCompile Include="Renderer\Renderer.cpp" />
    <ClCompile Include="Renderer\Shader.cpp" />
    <ClCompile Include="Renderer\ShaderMap.cpp" />
    <ClCompile Include="Renderer\ShaderManager.cpp" />
    <ClCompile Include="Renderer\ShaderResource.cpp" />
    <ClCompile Include="Primitive\PrimitiveBase.cpp" />
    <ClCompile Include="Primitive\PrimitiveCube.cpp" />
    <ClCompile Include="Primitive\PrimitivePlane.cpp" />
    <ClCompile Include="Primitive\PrimitiveSphere.cpp" />
    <ClCompile Include="Input\InputManager.cpp" />
  </ItemGroup>
  <ItemGroup>
    <ClInclude Include="Component\ActorComponent.h" />
    <ClInclude Include="Object\Actor\Actor.h" />
    <ClInclude Include="Object\Class.h" />
    <ClInclude Include="Component\SceneComponent.h" />
    <ClInclude Include="Core\Core.h" />
    <ClInclude Include="CoreMinimal.h" />
    <ClInclude Include="EngineTest.h" />
    <ClInclude Include="Component\PrimitiveComponent.h" />
    <ClInclude Include="Component\CubeComponent.h" />
    <ClInclude Include="Component\SphereComponent.h" />
    <ClInclude Include="Object\ObjectFactory.h" />
    <ClInclude Include="Object\ObjectManager.h" />
    <ClInclude Include="Object\ObjectTypes.h" />
    <ClInclude Include="Object\Scene\Scene.h" />
    <ClInclude Include="Types\CoreTypes.h" />
    <ClInclude Include="EngineAPI.h" />
    <ClInclude Include="Types\Array.h" />
    <ClInclude Include="Types\LinkedList.h" />
    <ClInclude Include="Types\Map.h" />
    <ClInclude Include="Types\Pair.h" />
    <ClInclude Include="Types\Queue.h" />
    <ClInclude Include="Types\Set.h" />
    <ClInclude Include="Types\StaticArray.h" />
    <ClInclude Include="Object\Object.h" />
    <ClInclude Include="Types\String.h" />
    <ClInclude Include="Math\Vector.h" />
    <ClInclude Include="Math\Vector4.h" />
    <ClInclude Include="Math\Matrix.h" />
    <ClInclude Include="Math\Transform.h" />
    <ClInclude Include="Camera\Camera.h" />
    <ClInclude Include="Renderer\RenderCommand.h" />
    <ClInclude Include="Renderer\Renderer.h" />
    <ClInclude Include="Renderer\Shader.h" />
    <ClInclude Include="Renderer\ShaderMap.h" />
    <ClInclude Include="Renderer\ShaderManager.h" />
    <ClInclude Include="Renderer\ShaderResource.h" />
    <ClInclude Include="Renderer\PrimitiveVertex.h" />
    <ClInclude Include="Primitive\PrimitiveBase.h" />
    <ClInclude Include="Primitive\PrimitiveCube.h" />
    <ClInclude Include="Primitive\PrimitivePlane.h" />
    <ClInclude Include="Primitive\PrimitiveSphere.h" />
    <ClInclude Include="Input\InputManager.h" />
    <ClInclude Include="ThirdParty\nlohmann\json.hpp" />
  </ItemGroup>
</Project>