
Microsoft Visual Studio Solution File, Format Version 12.00
# Visual Studio Version 17
VisualStudioVersion = 17.14.37012.4 d17.14
MinimumVisualStudioVersion = 10.0.40219.1
Project("{8BC9CEB8-8B4A-11D0-8D11-00A0C91BC942}") = "PerformanceEngine", "PerformanceEngine\PerformanceEngine.vcxproj", "{612AD01B-ABA5-4E87-B333-D868FD7C127E}"
EndProject
Global
	GlobalSection(SolutionConfigurationPlatforms) = preSolution
		Debug|x64 = Debug|x64
		Debug|x86 = Debug|x86
		Release|x64 = Release|x64
		Release|x86 = Release|x86
	EndGlobalSection
	GlobalSection(ProjectConfigurationPlatforms) = postSolution
		{612AD01B-ABA5-4E87-B333-D868FD7C127E}.Debug|x64.ActiveCfg = Debug|x64
		{612AD01B-ABA5-4E87-B333-D868FD7C127E}.Debug|x64.Build.0 = Debug|x64
		{612AD01B-ABA5-4E87-B333-D868FD7C127E}.Debug|x86.ActiveCfg = Debug|Win32
		{612AD01B-ABA5-4E87-B333-D868FD7C127E}.Debug|x86.Build.0 = Debug|Win32
		{612AD01B-ABA5-4E87-B333-D868FD7C127E}.Release|x64.ActiveCfg = Release|x64
		{612AD01B-ABA5-4E87-B333-D868FD7C127E}.Release|x64.Build.0 = Release|x64
		{612AD01B-ABA5-4E87-B333-D868FD7C127E}.Release|x86.ActiveCfg = Release|Win32
		{612AD01B-ABA5-4E87-B333-D868FD7C127E}.Release|x86.Build.0 = Release|Win32
	EndGlobalSection
	GlobalSection(SolutionProperties) = preSolution
		HideSolutionNode = FALSE
	EndGlobalSection
	GlobalSection(ExtensibilityGlobals) = postSolution
		SolutionGuid = {85792DBC-2324-4E4E-85A3-189A55C1FFC4}
	EndGlobalSection
EndGlobal
