<?xml version="1.0" encoding="utf-8"?>
<Project ToolsVersion="4.0" xmlns="http://schemas.microsoft.com/developer/msbuild/2003">
  <ItemGroup>
    <Filter Include="Shaders">
      <UniqueIdentifier>{1b768212-1a2a-41ba-bf05-2756813362cd}</UniqueIdentifier>
    </Filter>
    <Filter Include="Source">
      <UniqueIdentifier>{44bbf779-75b6-492b-942c-85966b92b8e2}</UniqueIdentifier>
    </Filter>
    <Filter Include="Source\Editor">
      <UniqueIdentifier>{1f321b32-c975-e0d0-24d2-8f90e130103b}</UniqueIdentifier>
    </Filter>
    <Filter Include="Source\Editor\Selection">
      <UniqueIdentifier>{81ae135d-e3d1-d8b2-7b93-7a1c009f0df2}</UniqueIdentifier>
    </Filter>
    <Filter Include="Source\Editor\Settings">
      <UniqueIdentifier>{7be38b02-aa33-dbd0-4839-34726744b247}</UniqueIdentifier>
    </Filter>
    <Filter Include="Source\Editor\UI">
      <UniqueIdentifier>{a7515dde-e398-8606-a62d-ff525faacaae}</UniqueIdentifier>
    </Filter>
    <Filter Include="Source\Editor\Viewport">
      <UniqueIdentifier>{919d84fe-4f1c-ec13-0ca3-557847b5d719}</UniqueIdentifier>
    </Filter>
    <Filter Include="Source\Engine">
      <UniqueIdentifier>{2ccf2241-a0b4-3fc7-5e22-9299db9ca5ed}</UniqueIdentifier>
    </Filter>
    <Filter Include="Source\Engine\Asset">
      <UniqueIdentifier>{7b8bbe99-9263-8f95-0760-ddda7add49e9}</UniqueIdentifier>
    </Filter>
    <Filter Include="Source\Engine\Component">
      <UniqueIdentifier>{28d3975f-a4e5-0add-afb6-8b020443fcb4}</UniqueIdentifier>
    </Filter>
    <Filter Include="Source\Engine\Core">
      <UniqueIdentifier>{a0894aed-39f7-9917-f08b-ce8ee4e5d26d}</UniqueIdentifier>
    </Filter>
    <Filter Include="Source\Engine\Core\Containers">
      <UniqueIdentifier>{f8b26fad-5272-eaaa-f283-5c4d58f42e12}</UniqueIdentifier>
    </Filter>
    <Filter Include="Source\Engine\Core\Logging">
      <UniqueIdentifier>{5d522166-e9bf-7003-52dd-1aa4ed598dd0}</UniqueIdentifier>
    </Filter>
    <Filter Include="Source\Engine\GameFramework">
      <UniqueIdentifier>{63fb4974-a427-ef9f-44d4-35b09552708b}</UniqueIdentifier>
    </Filter>
    <Filter Include="Source\Engine\Math">
      <UniqueIdentifier>{fde6cc26-5e04-9c6b-7a9f-86698b32f569}</UniqueIdentifier>
    </Filter>
    <Filter Include="Source\Engine\Object">
      <UniqueIdentifier>{85720fb8-7272-308f-30bb-522ece1ac60b}</UniqueIdentifier>
    </Filter>
    <Filter Include="Source\Engine\Render">
      <UniqueIdentifier>{47b4eeb6-bdfd-9623-0a5c-7712251f0b3b}</UniqueIdentifier>
    </Filter>
    <Filter Include="Source\Engine\Render\Common">
      <UniqueIdentifier>{215ccdd0-8df9-21c1-4bc1-eaffb989eec4}</UniqueIdentifier>
    </Filter>
    <Filter Include="Source\Engine\Render\Device">
      <UniqueIdentifier>{babf246d-6ccf-db8c-aefb-c86c17b67b50}</UniqueIdentifier>
    </Filter>
    <Filter Include="Source\Engine\Render\Mesh">
      <UniqueIdentifier>{7afbb453-85d6-2808-7538-2761eaa15a1b}</UniqueIdentifier>
    </Filter>
    <Filter Include="Source\Engine\Render\Renderer">
      <UniqueIdentifier>{b79c80e2-92bd-435c-56f7-cf085958798e}</UniqueIdentifier>
    </Filter>
    <Filter Include="Source\Engine\Render\Resource">
      <UniqueIdentifier>{efdcb608-ffc0-8b40-edec-1fb65af2fe84}</UniqueIdentifier>
    </Filter>
    <Filter Include="Source\Engine\Render\Scene">
      <UniqueIdentifier>{46142976-3a19-cb64-6b41-e0e12b4a2948}</UniqueIdentifier>
    </Filter>
    <Filter Include="Source\Engine\Runtime">
      <UniqueIdentifier>{1491c33e-23d5-7d16-0271-8655d776a3dd}</UniqueIdentifier>
    </Filter>
    <Filter Include="Source\Engine\Serialization">
      <UniqueIdentifier>{7598f92d-b23a-baff-3847-a897894a4b73}</UniqueIdentifier>
    </Filter>
    <Filter Include="Source\Engine\Slate">
      <UniqueIdentifier>{05e70bcf-fc96-201c-014e-c965811ef031}</UniqueIdentifier>
    </Filter>
    <Filter Include="Source\Misc">
      <UniqueIdentifier>{4b43025f-dc6e-30b2-d7e4-72dd3df32cf7}</UniqueIdentifier>
    </Filter>
    <Filter Include="Source\Misc\ObjViewer">
      <UniqueIdentifier>{f1618363-e48f-56bc-ebed-6f33128fb1cd}</UniqueIdentifier>
    </Filter>
    <Filter Include="Source\Misc\ObjViewer\Settings">
      <UniqueIdentifier>{6c39db87-65ab-e5e3-60a2-077e843b3d1e}</UniqueIdentifier>
    </Filter>
    <Filter Include="Source\Misc\ObjViewer\UI">
      <UniqueIdentifier>{b0a149f0-24e5-b140-1826-beadc5b8547e}</UniqueIdentifier>
    </Filter>
    <Filter Include="Source\Misc\ObjViewer\Viewport">
      <UniqueIdentifier>{a67717a7-7e5d-25db-5aab-cea36d508a3e}</UniqueIdentifier>
    </Filter>
    <Filter Include="ThirdParty">
      <UniqueIdentifier>{613599bf-ceda-afe0-6bbd-c00acdd71840}</UniqueIdentifier>
    </Filter>
    <Filter Include="ThirdParty\ImGui">
      <UniqueIdentifier>{c6f69a42-33d5-ec70-45e0-14da86618b45}</UniqueIdentifier>
    </Filter>
    <Filter Include="ThirdParty\SimpleJSON">
      <UniqueIdentifier>{a6f0f1f9-2d97-8366-5605-f463d5a20808}</UniqueIdentifier>
    </Filter>
  </ItemGroup>
  <ItemGroup>
    <FxCompile Include="Shaders\Common.hlsl">
      <Filter>Shaders</Filter>
    </FxCompile>
    <FxCompile Include="Shaders\Editor.hlsl">
      <Filter>Shaders</Filter>
    </FxCompile>
    <FxCompile Include="Shaders\Gizmo.hlsl">
      <Filter>Shaders</Filter>
    </FxCompile>
    <FxCompile Include="Shaders\OutlinePostProcess.hlsl">
      <Filter>Shaders</Filter>
    </FxCompile>
    <FxCompile Include="Shaders\Primitive.hlsl">
      <Filter>Shaders</Filter>
    </FxCompile>
    <FxCompile Include="Shaders\SelectionMask.hlsl">
      <Filter>Shaders</Filter>
    </FxCompile>
    <FxCompile Include="Shaders\ShaderFont.hlsl">
      <Filter>Shaders</Filter>
    </FxCompile>
    <FxCompile Include="Shaders\ShaderLine.hlsl">
      <Filter>Shaders</Filter>
    </FxCompile>
    <FxCompile Include="Shaders\ShaderStaticMesh.hlsl">
      <Filter>Shaders</Filter>
    </FxCompile>
    <FxCompile Include="Shaders\ShaderSubUV.hlsl">
      <Filter>Shaders</Filter>
    </FxCompile>
  </ItemGroup>
  <ItemGroup>
    <ClCompile Include="Source\Editor\EditorEngine.cpp">
      <Filter>Source\Editor</Filter>
    </ClCompile>
    <ClCompile Include="Source\Editor\EditorRenderPipeline.cpp">
      <Filter>Source\Editor</Filter>
    </ClCompile>
    <ClCompile Include="Source\Editor\Selection\SelectionManager.cpp">
      <Filter>Source\Editor\Selection</Filter>
    </ClCompile>
    <ClCompile Include="Source\Editor\Settings\EditorSettings.cpp">
      <Filter>Source\Editor\Settings</Filter>
    </ClCompile>
    <ClCompile Include="Source\Editor\UI\EditorConsoleWidget.cpp">
      <Filter>Source\Editor\UI</Filter>
    </ClCompile>
    <ClCompile Include="Source\Editor\UI\EditorControlWidget.cpp">
      <Filter>Source\Editor\UI</Filter>
    </ClCompile>
    <ClCompile Include="Source\Editor\UI\EditorMainPanel.cpp">
      <Filter>Source\Editor\UI</Filter>
    </ClCompile>
    <ClCompile Include="Source\Editor\UI\EditorMaterialWidget.cpp">
      <Filter>Source\Editor\UI</Filter>
    </ClCompile>
    <ClCompile Include="Source\Editor\UI\EditorPropertyWidget.cpp">
      <Filter>Source\Editor\UI</Filter>
    </ClCompile>
    <ClCompile Include="Source\Editor\UI\EditorSceneWidget.cpp">
      <Filter>Source\Editor\UI</Filter>
    </ClCompile>
    <ClCompile Include="Source\Editor\UI\EditorStatWidget.cpp">
      <Filter>Source\Editor\UI</Filter>
    </ClCompile>
    <ClCompile Include="Source\Editor\UI\EditorToolbarWidget.cpp">
      <Filter>Source\Editor\UI</Filter>
    </ClCompile>
    <ClCompile Include="Source\Editor\UI\EditorViewportOverlayWidget.cpp">
      <Filter>Source\Editor\UI</Filter>
    </ClCompile>
    <ClCompile Include="Source\Editor\UI\EditorWidget.cpp">
      <Filter>Source\Editor\UI</Filter>
    </ClCompile>
    <ClCompile Include="Source\Editor\Viewport\EditorViewportClient.cpp">
      <Filter>Source\Editor\Viewport</Filter>
    </ClCompile>
    <ClCompile Include="Source\Editor\Viewport\FSceneViewport.cpp">
      <Filter>Source\Editor\Viewport</Filter>
    </ClCompile>
    <ClCompile Include="Source\Editor\Viewport\ViewportCamera.cpp">
      <Filter>Source\Editor\Viewport</Filter>
    </ClCompile>
    <ClCompile Include="Source\Editor\Viewport\ViewportLayout.cpp">
      <Filter>Source\Editor\Viewport</Filter>
    </ClCompile>
    <ClCompile Include="Source\Editor\Viewport\ViewportNavigationController.cpp">
      <Filter>Source\Editor\Viewport</Filter>
    </ClCompile>
    <ClCompile Include="Source\Engine\Asset\BinarySerializer.cpp">
      <Filter>Source\Engine\Asset</Filter>
    </ClCompile>
    <ClCompile Include="Source\Engine\Asset\FileUtils.cpp">
      <Filter>Source\Engine\Asset</Filter>
    </ClCompile>
    <ClCompile Include="Source\Engine\Asset\FontAtlasLoader.cpp">
      <Filter>Source\Engine\Asset</Filter>
    </ClCompile>
    <ClCompile Include="Source\Engine\Asset\ObjLoader.cpp">
      <Filter>Source\Engine\Asset</Filter>
    </ClCompile>
    <ClCompile Include="Source\Engine\Asset\ParticleAtlasLoader.cpp">
      <Filter>Source\Engine\Asset</Filter>
    </ClCompile>
    <ClCompile Include="Source\Engine\Asset\StaticMesh.cpp">
      <Filter>Source\Engine\Asset</Filter>
    </ClCompile>
    <ClCompile Include="Source\Engine\Component\ActorComponent.cpp">
      <Filter>Source\Engine\Component</Filter>
    </ClCompile>
    <ClCompile Include="Source\Engine\Component\BillboardComponent.cpp">
      <Filter>Source\Engine\Component</Filter>
    </ClCompile>
    <ClCompile Include="Source\Engine\Component\CameraComponent.cpp">
      <Filter>Source\Engine\Component</Filter>
    </ClCompile>
    <ClCompile Include="Source\Engine\Component\GizmoComponent.cpp">
      <Filter>Source\Engine\Component</Filter>
    </ClCompile>
    <ClCompile Include="Source\Engine\Component\MeshComponent.cpp">
      <Filter>Source\Engine\Component</Filter>
    </ClCompile>
    <ClCompile Include="Source\Engine\Component\PrimitiveComponent.cpp">
      <Filter>Source\Engine\Component</Filter>
    </ClCompile>
    <ClCompile Include="Source\Engine\Component\SceneComponent.cpp">
      <Filter>Source\Engine\Component</Filter>
    </ClCompile>
    <ClCompile Include="Source\Engine\Component\StaticMeshComponent.cpp">
      <Filter>Source\Engine\Component</Filter>
    </ClCompile>
    <ClCompile Include="Source\Engine\Component\SubUVComponent.cpp">
      <Filter>Source\Engine\Component</Filter>
    </ClCompile>
    <ClCompile Include="Source\Engine\Component\TextRenderComponent.cpp">
      <Filter>Source\Engine\Component</Filter>
    </ClCompile>
    <ClCompile Include="Source\Engine\Core\CrashDump.cpp">
      <Filter>Source\Engine\Core</Filter>
    </ClCompile>
    <ClCompile Include="Source\Engine\Core\EngineTypes.cpp">
      <Filter>Source\Engine\Core</Filter>
    </ClCompile>
    <ClCompile Include="Source\Engine\Core\InputSystem.cpp">
      <Filter>Source\Engine\Core</Filter>
    </ClCompile>
    <ClCompile Include="Source\Engine\Core\Paths.cpp">
      <Filter>Source\Engine\Core</Filter>
    </ClCompile>
    <ClCompile Include="Source\Engine\Core\PlatformTime.cpp">
      <Filter>Source\Engine\Core</Filter>
    </ClCompile>
    <ClCompile Include="Source\Engine\Core\ResourceManager.cpp">
      <Filter>Source\Engine\Core</Filter>
    </ClCompile>
    <ClCompile Include="Source\Engine\Core\Logging\GPUProfiler.cpp">
      <Filter>Source\Engine\Core\Logging</Filter>
    </ClCompile>
    <ClCompile Include="Source\Engine\Core\Logging\Stats.cpp">
      <Filter>Source\Engine\Core\Logging</Filter>
    </ClCompile>
    <ClCompile Include="Source\Engine\Core\Logging\Timer.cpp">
      <Filter>Source\Engine\Core\Logging</Filter>
    </ClCompile>
    <ClCompile Include="Source\Engine\GameFramework\AActor.cpp">
      <Filter>Source\Engine\GameFramework</Filter>
    </ClCompile>
    <ClCompile Include="Source\Engine\GameFramework\PrimitiveActors.cpp">
      <Filter>Source\Engine\GameFramework</Filter>
    </ClCompile>
    <ClCompile Include="Source\Engine\GameFramework\World.cpp">
      <Filter>Source\Engine\GameFramework</Filter>
    </ClCompile>
    <ClCompile Include="Source\Engine\Math\Color.cpp">
      <Filter>Source\Engine\Math</Filter>
    </ClCompile>
    <ClCompile Include="Source\Engine\Math\Matrix.cpp">
      <Filter>Source\Engine\Math</Filter>
    </ClCompile>
    <ClCompile Include="Source\Engine\Math\Quat.cpp">
      <Filter>Source\Engine\Math</Filter>
    </ClCompile>
    <ClCompile Include="Source\Engine\Math\Rotator.cpp">
      <Filter>Source\Engine\Math</Filter>
    </ClCompile>
    <ClCompile Include="Source\Engine\Math\Vector.cpp">
      <Filter>Source\Engine\Math</Filter>
    </ClCompile>
    <ClCompile Include="Source\Engine\Math\Vector2.cpp">
      <Filter>Source\Engine\Math</Filter>
    </ClCompile>
    <ClCompile Include="Source\Engine\Math\Vector4.cpp">
      <Filter>Source\Engine\Math</Filter>
    </ClCompile>
    <ClCompile Include="Source\Engine\Object\EngineStatics.cpp">
      <Filter>Source\Engine\Object</Filter>
    </ClCompile>
    <ClCompile Include="Source\Engine\Object\FName.cpp">
      <Filter>Source\Engine\Object</Filter>
    </ClCompile>
    <ClCompile Include="Source\Engine\Object\Object.cpp">
      <Filter>Source\Engine\Object</Filter>
    </ClCompile>
    <ClCompile Include="Source\Engine\Render\FontBatcher.cpp">
      <Filter>Source\Engine\Render</Filter>
    </ClCompile>
    <ClCompile Include="Source\Engine\Render\LineBatcher.cpp">
      <Filter>Source\Engine\Render</Filter>
    </ClCompile>
    <ClCompile Include="Source\Engine\Render\SubUVBatcher.cpp">
      <Filter>Source\Engine\Render</Filter>
    </ClCompile>
    <ClCompile Include="Source\Engine\Render\Device\D3DDevice.cpp">
      <Filter>Source\Engine\Render\Device</Filter>
    </ClCompile>
    <ClCompile Include="Source\Engine\Render\Mesh\MeshManager.cpp">
      <Filter>Source\Engine\Render\Mesh</Filter>
    </ClCompile>
    <ClCompile Include="Source\Engine\Render\Renderer\DefaultRenderPipeline.cpp">
      <Filter>Source\Engine\Render\Renderer</Filter>
    </ClCompile>
    <ClCompile Include="Source\Engine\Render\Renderer\Renderer.cpp">
      <Filter>Source\Engine\Render\Renderer</Filter>
    </ClCompile>
    <ClCompile Include="Source\Engine\Render\Resource\Buffer.cpp">
      <Filter>Source\Engine\Render\Resource</Filter>
    </ClCompile>
    <ClCompile Include="Source\Engine\Render\Resource\Material.cpp">
      <Filter>Source\Engine\Render\Resource</Filter>
    </ClCompile>
    <ClCompile Include="Source\Engine\Render\Resource\MeshBufferManager.cpp">
      <Filter>Source\Engine\Render\Resource</Filter>
    </ClCompile>
    <ClCompile Include="Source\Engine\Render\Resource\Shader.cpp">
      <Filter>Source\Engine\Render\Resource</Filter>
    </ClCompile>
    <ClCompile Include="Source\Engine\Render\Scene\RenderBus.cpp">
      <Filter>Source\Engine\Render\Scene</Filter>
    </ClCompile>
    <ClCompile Include="Source\Engine\Render\Scene\RenderCollector.cpp">
      <Filter>Source\Engine\Render\Scene</Filter>
    </ClCompile>
    <ClCompile Include="Source\Engine\Runtime\Engine.cpp">
      <Filter>Source\Engine\Runtime</Filter>
    </ClCompile>
    <ClCompile Include="Source\Engine\Runtime\EngineLoop.cpp">
      <Filter>Source\Engine\Runtime</Filter>
    </ClCompile>
    <ClCompile Include="Source\Engine\Runtime\Launch.cpp">
      <Filter>Source\Engine\Runtime</Filter>
    </ClCompile>
    <ClCompile Include="Source\Engine\Runtime\WindowsApplication.cpp">
      <Filter>Source\Engine\Runtime</Filter>
    </ClCompile>
    <ClCompile Include="Source\Engine\Runtime\WindowsWindow.cpp">
      <Filter>Source\Engine\Runtime</Filter>
    </ClCompile>
    <ClCompile Include="Source\Engine\Serialization\SceneSaveManager.cpp">
      <Filter>Source\Engine\Serialization</Filter>
    </ClCompile>
    <ClCompile Include="Source\Engine\Slate\SSplitter.cpp">
      <Filter>Source\Engine\Slate</Filter>
    </ClCompile>
    <ClCompile Include="Source\Engine\Slate\SSplitterCross.cpp">
      <Filter>Source\Engine\Slate</Filter>
    </ClCompile>
    <ClCompile Include="Source\Engine\Slate\SSplitterH.cpp">
      <Filter>Source\Engine\Slate</Filter>
    </ClCompile>
    <ClCompile Include="Source\Engine\Slate\SSplitterV.cpp">
      <Filter>Source\Engine\Slate</Filter>
    </ClCompile>
    <ClCompile Include="Source\Engine\Slate\SViewport.cpp">
      <Filter>Source\Engine\Slate</Filter>
    </ClCompile>
    <ClCompile Include="Source\Engine\Slate\SWidget.cpp">
      <Filter>Source\Engine\Slate</Filter>
    </ClCompile>
    <ClCompile Include="Source\Engine\Slate\SWindow.cpp">
      <Filter>Source\Engine\Slate</Filter>
    </ClCompile>
    <ClCompile Include="Source\Engine\Slate\SlateApplication.cpp">
      <Filter>Source\Engine\Slate</Filter>
    </ClCompile>
    <ClCompile Include="Source\Misc\ObjViewer\ObjViewerEngine.cpp">
      <Filter>Source\Misc\ObjViewer</Filter>
    </ClCompile>
    <ClCompile Include="Source\Misc\ObjViewer\ObjViewerRenderPipeline.cpp">
      <Filter>Source\Misc\ObjViewer</Filter>
    </ClCompile>
    <ClCompile Include="Source\Misc\ObjViewer\Settings\ObjViewerSettings.cpp">
      <Filter>Source\Misc\ObjViewer\Settings</Filter>
    </ClCompile>
    <ClCompile Include="Source\Misc\ObjViewer\UI\ObjViewerControlWidget.cpp">
      <Filter>Source\Misc\ObjViewer\UI</Filter>
    </ClCompile>
    <ClCompile Include="Source\Misc\ObjViewer\UI\ObjViewerMainPanel.cpp">
      <Filter>Source\Misc\ObjViewer\UI</Filter>
    </ClCompile>
    <ClCompile Include="Source\Misc\ObjViewer\UI\ObjViewerMenuBarWIdget.cpp">
      <Filter>Source\Misc\ObjViewer\UI</Filter>
    </ClCompile>
    <ClCompile Include="Source\Misc\ObjViewer\UI\ObjViewerStatWidget.cpp">
      <Filter>Source\Misc\ObjViewer\UI</Filter>
    </ClCompile>
    <ClCompile Include="Source\Misc\ObjViewer\Viewport\ObjViewerViewportClient.cpp">
      <Filter>Source\Misc\ObjViewer\Viewport</Filter>
    </ClCompile>
    <ClCompile Include="ThirdParty\ImGui\imgui.cpp">
      <Filter>ThirdParty\ImGui</Filter>
    </ClCompile>
    <ClCompile Include="ThirdParty\ImGui\imgui_demo.cpp">
      <Filter>ThirdParty\ImGui</Filter>
    </ClCompile>
    <ClCompile Include="ThirdParty\ImGui\imgui_draw.cpp">
      <Filter>ThirdParty\ImGui</Filter>
    </ClCompile>
    <ClCompile Include="ThirdParty\ImGui\imgui_impl_dx11.cpp">
      <Filter>ThirdParty\ImGui</Filter>
    </ClCompile>
    <ClCompile Include="ThirdParty\ImGui\imgui_impl_win32.cpp">
      <Filter>ThirdParty\ImGui</Filter>
    </ClCompile>
    <ClCompile Include="ThirdParty\ImGui\imgui_tables.cpp">
      <Filter>ThirdParty\ImGui</Filter>
    </ClCompile>
    <ClCompile Include="ThirdParty\ImGui\imgui_widgets.cpp">
      <Filter>ThirdParty\ImGui</Filter>
    </ClCompile>
    <ClCompile Include="main.cpp" />
    <ClCompile Include="Source\Engine\Geometry\AABB.cpp" />
    <ClCompile Include="Source\Engine\Geometry\Frustum.cpp" />
    <ClCompile Include="Source\Engine\Geometry\Plane.cpp" />
    <ClCompile Include="Source\Engine\Geometry\Transform.cpp" />
    <ClCompile Include="Source\Engine\Spatial\BVH.cpp" />
    <ClCompile Include="Source\Engine\Spatial\KDTree.cpp" />
  </ItemGroup>
  <ItemGroup>
    <ClInclude Include="Source\Editor\EditorEngine.h">
      <Filter>Source\Editor</Filter>
    </ClInclude>
    <ClInclude Include="Source\Editor\EditorRenderPipeline.h">
      <Filter>Source\Editor</Filter>
    </ClInclude>
    <ClInclude Include="Source\Editor\EditorUtils.h">
      <Filter>Source\Editor</Filter>
    </ClInclude>
    <ClInclude Include="Source\Editor\Selection\SelectionManager.h">
      <Filter>Source\Editor\Selection</Filter>
    </ClInclude>
    <ClInclude Include="Source\Editor\Settings\EditorSettings.h">
      <Filter>Source\Editor\Settings</Filter>
    </ClInclude>
    <ClInclude Include="Source\Editor\UI\EditorConsoleWidget.h">
      <Filter>Source\Editor\UI</Filter>
    </ClInclude>
    <ClInclude Include="Source\Editor\UI\EditorControlWidget.h">
      <Filter>Source\Editor\UI</Filter>
    </ClInclude>
    <ClInclude Include="Source\Editor\UI\EditorMainPanel.h">
      <Filter>Source\Editor\UI</Filter>
    </ClInclude>
    <ClInclude Include="Source\Editor\UI\EditorMaterialWidget.h">
      <Filter>Source\Editor\UI</Filter>
    </ClInclude>
    <ClInclude Include="Source\Editor\UI\EditorPropertyWidget.h">
      <Filter>Source\Editor\UI</Filter>
    </ClInclude>
    <ClInclude Include="Source\Editor\UI\EditorSceneWidget.h">
      <Filter>Source\Editor\UI</Filter>
    </ClInclude>
    <ClInclude Include="Source\Editor\UI\EditorStatWidget.h">
      <Filter>Source\Editor\UI</Filter>
    </ClInclude>
    <ClInclude Include="Source\Editor\UI\EditorToolbarWidget.h">
      <Filter>Source\Editor\UI</Filter>
    </ClInclude>
    <ClInclude Include="Source\Editor\UI\EditorViewportOverlayWidget.h">
      <Filter>Source\Editor\UI</Filter>
    </ClInclude>
    <ClInclude Include="Source\Editor\UI\EditorWidget.h">
      <Filter>Source\Editor\UI</Filter>
    </ClInclude>
    <ClInclude Include="Source\Editor\Viewport\CursorOverlayState.h">
      <Filter>Source\Editor\Viewport</Filter>
    </ClInclude>
    <ClInclude Include="Source\Editor\Viewport\EditorViewportClient.h">
      <Filter>Source\Editor\Viewport</Filter>
    </ClInclude>
    <ClInclude Include="Source\Editor\Viewport\FSceneViewport.h">
      <Filter>Source\Editor\Viewport</Filter>
    </ClInclude>
    <ClInclude Include="Source\Editor\Viewport\SEditorViewport.h">
      <Filter>Source\Editor\Viewport</Filter>
    </ClInclude>
    <ClInclude Include="Source\Editor\Viewport\ViewportCamera.h">
      <Filter>Source\Editor\Viewport</Filter>
    </ClInclude>
    <ClInclude Include="Source\Editor\Viewport\ViewportLayout.h">
      <Filter>Source\Editor\Viewport</Filter>
    </ClInclude>
    <ClInclude Include="Source\Editor\Viewport\ViewportNavigationController.h">
      <Filter>Source\Editor\Viewport</Filter>
    </ClInclude>
    <ClInclude Include="Source\Engine\Asset\BinarySerializer.h">
      <Filter>Source\Engine\Asset</Filter>
    </ClInclude>
    <ClInclude Include="Source\Engine\Asset\FileUtils.h">
      <Filter>Source\Engine\Asset</Filter>
    </ClInclude>
    <ClInclude Include="Source\Engine\Asset\FontAtlasLoader.h">
      <Filter>Source\Engine\Asset</Filter>
    </ClInclude>
    <ClInclude Include="Source\Engine\Asset\IAssetLoader.h">
      <Filter>Source\Engine\Asset</Filter>
    </ClInclude>
    <ClInclude Include="Source\Engine\Asset\ObjLoader.h">
      <Filter>Source\Engine\Asset</Filter>
    </ClInclude>
    <ClInclude Include="Source\Engine\Asset\ObjRawTypes.h">
      <Filter>Source\Engine\Asset</Filter>
    </ClInclude>
    <ClInclude Include="Source\Engine\Asset\ParticleAtlasLoader.h">
      <Filter>Source\Engine\Asset</Filter>
    </ClInclude>
    <ClInclude Include="Source\Engine\Asset\StaticMesh.h">
      <Filter>Source\Engine\Asset</Filter>
    </ClInclude>
    <ClInclude Include="Source\Engine\Asset\StaticMeshTypes.h">
      <Filter>Source\Engine\Asset</Filter>
    </ClInclude>
    <ClInclude Include="Source\Engine\Component\ActorComponent.h">
      <Filter>Source\Engine\Component</Filter>
    </ClInclude>
    <ClInclude Include="Source\Engine\Component\BillboardComponent.h">
      <Filter>Source\Engine\Component</Filter>
    </ClInclude>
    <ClInclude Include="Source\Engine\Component\CameraComponent.h">
      <Filter>Source\Engine\Component</Filter>
    </ClInclude>
    <ClInclude Include="Source\Engine\Component\GizmoComponent.h">
      <Filter>Source\Engine\Component</Filter>
    </ClInclude>
    <ClInclude Include="Source\Engine\Component\MeshComponent.h">
      <Filter>Source\Engine\Component</Filter>
    </ClInclude>
    <ClInclude Include="Source\Engine\Component\PrimitiveComponent.h">
      <Filter>Source\Engine\Component</Filter>
    </ClInclude>
    <ClInclude Include="Source\Engine\Component\SceneComponent.h">
      <Filter>Source\Engine\Component</Filter>
    </ClInclude>
    <ClInclude Include="Source\Engine\Component\StaticMeshComponent.h">
      <Filter>Source\Engine\Component</Filter>
    </ClInclude>
    <ClInclude Include="Source\Engine\Component\SubUVComponent.h">
      <Filter>Source\Engine\Component</Filter>
    </ClInclude>
    <ClInclude Include="Source\Engine\Component\TextRenderComponent.h">
      <Filter>Source\Engine\Component</Filter>
    </ClInclude>
    <ClInclude Include="Source\Engine\Core\CollisionTypes.h">
      <Filter>Source\Engine\Core</Filter>
    </ClInclude>
    <ClInclude Include="Source\Engine\Core\Common.h">
      <Filter>Source\Engine\Core</Filter>
    </ClInclude>
    <ClInclude Include="Source\Engine\Core\ConsoleHelper.h">
      <Filter>Source\Engine\Core</Filter>
    </ClInclude>
    <ClInclude Include="Source\Engine\Core\CoreMinimal.h">
      <Filter>Source\Engine\Core</Filter>
    </ClInclude>
    <ClInclude Include="Source\Engine\Core\CoreTypes.h">
      <Filter>Source\Engine\Core</Filter>
    </ClInclude>
    <ClInclude Include="Source\Engine\Core\CrashDump.h">
      <Filter>Source\Engine\Core</Filter>
    </ClInclude>
    <ClInclude Include="Source\Engine\Core\Debug.h">
      <Filter>Source\Engine\Core</Filter>
    </ClInclude>
    <ClInclude Include="Source\Engine\Core\EngineTypes.h">
      <Filter>Source\Engine\Core</Filter>
    </ClInclude>
    <ClInclude Include="Source\Engine\Core\InputSystem.h">
      <Filter>Source\Engine\Core</Filter>
    </ClInclude>
    <ClInclude Include="Source\Engine\Core\Paths.h">
      <Filter>Source\Engine\Core</Filter>
    </ClInclude>
    <ClInclude Include="Source\Engine\Core\PlatformTime.h">
      <Filter>Source\Engine\Core</Filter>
    </ClInclude>
    <ClInclude Include="Source\Engine\Core\PropertyTypes.h">
      <Filter>Source\Engine\Core</Filter>
    </ClInclude>
    <ClInclude Include="Source\Engine\Core\ResourceManager.h">
      <Filter>Source\Engine\Core</Filter>
    </ClInclude>
    <ClInclude Include="Source\Engine\Core\ResourceTypes.h">
      <Filter>Source\Engine\Core</Filter>
    </ClInclude>
    <ClInclude Include="Source\Engine\Core\Singleton.h">
      <Filter>Source\Engine\Core</Filter>
    </ClInclude>
    <ClInclude Include="Source\Engine\Core\StringUtils.h">
      <Filter>Source\Engine\Core</Filter>
    </ClInclude>
    <ClInclude Include="Source\Engine\Core\Containers\Array.h">
      <Filter>Source\Engine\Core\Containers</Filter>
    </ClInclude>
    <ClInclude Include="Source\Engine\Core\Containers\LinkedList.h">
      <Filter>Source\Engine\Core\Containers</Filter>
    </ClInclude>
    <ClInclude Include="Source\Engine\Core\Containers\Map.h">
      <Filter>Source\Engine\Core\Containers</Filter>
    </ClInclude>
    <ClInclude Include="Source\Engine\Core\Containers\Pair.h">
      <Filter>Source\Engine\Core\Containers</Filter>
    </ClInclude>
    <ClInclude Include="Source\Engine\Core\Containers\Queue.h">
      <Filter>Source\Engine\Core\Containers</Filter>
    </ClInclude>
    <ClInclude Include="Source\Engine\Core\Containers\Set.h">
      <Filter>Source\Engine\Core\Containers</Filter>
    </ClInclude>
    <ClInclude Include="Source\Engine\Core\Containers\StaticArray.h">
      <Filter>Source\Engine\Core\Containers</Filter>
    </ClInclude>
    <ClInclude Include="Source\Engine\Core\Containers\String.h">
      <Filter>Source\Engine\Core\Containers</Filter>
    </ClInclude>
    <ClInclude Include="Source\Engine\Core\Logging\GPUProfiler.h">
      <Filter>Source\Engine\Core\Logging</Filter>
    </ClInclude>
    <ClInclude Include="Source\Engine\Core\Logging\Stats.h">
      <Filter>Source\Engine\Core\Logging</Filter>
    </ClInclude>
    <ClInclude Include="Source\Engine\Core\Logging\Timer.h">
      <Filter>Source\Engine\Core\Logging</Filter>
    </ClInclude>
    <ClInclude Include="Source\Engine\GameFramework\AActor.h">
      <Filter>Source\Engine\GameFramework</Filter>
    </ClInclude>
    <ClInclude Include="Source\Engine\GameFramework\PrimitiveActors.h">
      <Filter>Source\Engine\GameFramework</Filter>
    </ClInclude>
    <ClInclude Include="Source\Engine\GameFramework\World.h">
      <Filter>Source\Engine\GameFramework</Filter>
    </ClInclude>
    <ClInclude Include="Source\Engine\GameFramework\WorldContext.h">
      <Filter>Source\Engine\GameFramework</Filter>
    </ClInclude>
    <ClInclude Include="Source\Engine\Math\Color.h">
      <Filter>Source\Engine\Math</Filter>
    </ClInclude>
    <ClInclude Include="Source\Engine\Math\Matrix.h">
      <Filter>Source\Engine\Math</Filter>
    </ClInclude>
    <ClInclude Include="Source\Engine\Math\Quat.h">
      <Filter>Source\Engine\Math</Filter>
    </ClInclude>
    <ClInclude Include="Source\Engine\Math\Rotator.h">
      <Filter>Source\Engine\Math</Filter>
    </ClInclude>
    <ClInclude Include="Source\Engine\Math\Utils.h">
      <Filter>Source\Engine\Math</Filter>
    </ClInclude>
    <ClInclude Include="Source\Engine\Math\Vector.h">
      <Filter>Source\Engine\Math</Filter>
    </ClInclude>
    <ClInclude Include="Source\Engine\Math\Vector2.h">
      <Filter>Source\Engine\Math</Filter>
    </ClInclude>
    <ClInclude Include="Source\Engine\Math\Vector4.h">
      <Filter>Source\Engine\Math</Filter>
    </ClInclude>
    <ClInclude Include="Source\Engine\Object\EngineStatics.h">
      <Filter>Source\Engine\Object</Filter>
    </ClInclude>
    <ClInclude Include="Source\Engine\Object\FName.h">
      <Filter>Source\Engine\Object</Filter>
    </ClInclude>
    <ClInclude Include="Source\Engine\Object\Object.h">
      <Filter>Source\Engine\Object</Filter>
    </ClInclude>
    <ClInclude Include="Source\Engine\Object\ObjectFactory.h">
      <Filter>Source\Engine\Object</Filter>
    </ClInclude>
    <ClInclude Include="Source\Engine\Object\ObjectIterator.h">
      <Filter>Source\Engine\Object</Filter>
    </ClInclude>
    <ClInclude Include="Source\Engine\Render\FontBatcher.h">
      <Filter>Source\Engine\Render</Filter>
    </ClInclude>
    <ClInclude Include="Source\Engine\Render\LineBatcher.h">
      <Filter>Source\Engine\Render</Filter>
    </ClInclude>
    <ClInclude Include="Source\Engine\Render\SubUVBatcher.h">
      <Filter>Source\Engine\Render</Filter>
    </ClInclude>
    <ClInclude Include="Source\Engine\Render\Common\RenderTypes.h">
      <Filter>Source\Engine\Render\Common</Filter>
    </ClInclude>
    <ClInclude Include="Source\Engine\Render\Common\ViewTypes.h">
      <Filter>Source\Engine\Render\Common</Filter>
    </ClInclude>
    <ClInclude Include="Source\Engine\Render\Device\D3DDevice.h">
      <Filter>Source\Engine\Render\Device</Filter>
    </ClInclude>
    <ClInclude Include="Source\Engine\Render\Mesh\MeshManager.h">
      <Filter>Source\Engine\Render\Mesh</Filter>
    </ClInclude>
    <ClInclude Include="Source\Engine\Render\Renderer\DefaultRenderPipeline.h">
      <Filter>Source\Engine\Render\Renderer</Filter>
    </ClInclude>
    <ClInclude Include="Source\Engine\Render\Renderer\IRenderPipeline.h">
      <Filter>Source\Engine\Render\Renderer</Filter>
    </ClInclude>
    <ClInclude Include="Source\Engine\Render\Renderer\Renderer.h">
      <Filter>Source\Engine\Render\Renderer</Filter>
    </ClInclude>
    <ClInclude Include="Source\Engine\Render\Resource\Buffer.h">
      <Filter>Source\Engine\Render\Resource</Filter>
    </ClInclude>
    <ClInclude Include="Source\Engine\Render\Resource\Material.h">
      <Filter>Source\Engine\Render\Resource</Filter>
    </ClInclude>
    <ClInclude Include="Source\Engine\Render\Resource\MeshBufferManager.h">
      <Filter>Source\Engine\Render\Resource</Filter>
    </ClInclude>
    <ClInclude Include="Source\Engine\Render\Resource\RenderResources.h">
      <Filter>Source\Engine\Render\Resource</Filter>
    </ClInclude>
    <ClInclude Include="Source\Engine\Render\Resource\Shader.h">
      <Filter>Source\Engine\Render\Resource</Filter>
    </ClInclude>
    <ClInclude Include="Source\Engine\Render\Resource\VertexTypes.h">
      <Filter>Source\Engine\Render\Resource</Filter>
    </ClInclude>
    <ClInclude Include="Source\Engine\Render\Scene\RenderBus.h">
      <Filter>Source\Engine\Render\Scene</Filter>
    </ClInclude>
    <ClInclude Include="Source\Engine\Render\Scene\RenderCollector.h">
      <Filter>Source\Engine\Render\Scene</Filter>
    </ClInclude>
    <ClInclude Include="Source\Engine\Render\Scene\RenderCommand.h">
      <Filter>Source\Engine\Render\Scene</Filter>
    </ClInclude>
    <ClInclude Include="Source\Engine\Runtime\Engine.h">
      <Filter>Source\Engine\Runtime</Filter>
    </ClInclude>
    <ClInclude Include="Source\Engine\Runtime\EngineLoop.h">
      <Filter>Source\Engine\Runtime</Filter>
    </ClInclude>
    <ClInclude Include="Source\Engine\Runtime\Launch.h">
      <Filter>Source\Engine\Runtime</Filter>
    </ClInclude>
    <ClInclude Include="Source\Engine\Runtime\SceneView.h">
      <Filter>Source\Engine\Runtime</Filter>
    </ClInclude>
    <ClInclude Include="Source\Engine\Runtime\Viewport.h">
      <Filter>Source\Engine\Runtime</Filter>
    </ClInclude>
    <ClInclude Include="Source\Engine\Runtime\ViewportClient.h">
      <Filter>Source\Engine\Runtime</Filter>
    </ClInclude>
    <ClInclude Include="Source\Engine\Runtime\ViewportRect.h">
      <Filter>Source\Engine\Runtime</Filter>
    </ClInclude>
    <ClInclude Include="Source\Engine\Runtime\WindowMessageHandler.h">
      <Filter>Source\Engine\Runtime</Filter>
    </ClInclude>
    <ClInclude Include="Source\Engine\Runtime\WindowsApplication.h">
      <Filter>Source\Engine\Runtime</Filter>
    </ClInclude>
    <ClInclude Include="Source\Engine\Runtime\WindowsWindow.h">
      <Filter>Source\Engine\Runtime</Filter>
    </ClInclude>
    <ClInclude Include="Source\Engine\Serialization\SceneSaveManager.h">
      <Filter>Source\Engine\Serialization</Filter>
    </ClInclude>
    <ClInclude Include="Source\Engine\Slate\ISlateViewport.h">
      <Filter>Source\Engine\Slate</Filter>
    </ClInclude>
    <ClInclude Include="Source\Engine\Slate\SSplitter.h">
      <Filter>Source\Engine\Slate</Filter>
    </ClInclude>
    <ClInclude Include="Source\Engine\Slate\SSplitterCross.h">
      <Filter>Source\Engine\Slate</Filter>
    </ClInclude>
    <ClInclude Include="Source\Engine\Slate\SSplitterH.h">
      <Filter>Source\Engine\Slate</Filter>
    </ClInclude>
    <ClInclude Include="Source\Engine\Slate\SSplitterV.h">
      <Filter>Source\Engine\Slate</Filter>
    </ClInclude>
    <ClInclude Include="Source\Engine\Slate\SViewport.h">
      <Filter>Source\Engine\Slate</Filter>
    </ClInclude>
    <ClInclude Include="Source\Engine\Slate\SWidget.h">
      <Filter>Source\Engine\Slate</Filter>
    </ClInclude>
    <ClInclude Include="Source\Engine\Slate\SWindow.h">
      <Filter>Source\Engine\Slate</Filter>
    </ClInclude>
    <ClInclude Include="Source\Engine\Slate\SlateApplication.h">
      <Filter>Source\Engine\Slate</Filter>
    </ClInclude>
    <ClInclude Include="Source\Engine\Slate\SlateUtils.h">
      <Filter>Source\Engine\Slate</Filter>
    </ClInclude>
    <ClInclude Include="Source\Misc\ObjViewer\ObjViewerEngine.h">
      <Filter>Source\Misc\ObjViewer</Filter>
    </ClInclude>
    <ClInclude Include="Source\Misc\ObjViewer\ObjViewerRenderPipeline.h">
      <Filter>Source\Misc\ObjViewer</Filter>
    </ClInclude>
    <ClInclude Include="Source\Misc\ObjViewer\Settings\ObjViewerSettings.h">
      <Filter>Source\Misc\ObjViewer\Settings</Filter>
    </ClInclude>
    <ClInclude Include="Source\Misc\ObjViewer\UI\ObjViewerControlWidget.h">
      <Filter>Source\Misc\ObjViewer\UI</Filter>
    </ClInclude>
    <ClInclude Include="Source\Misc\ObjViewer\UI\ObjViewerMainPanel.h">
      <Filter>Source\Misc\ObjViewer\UI</Filter>
    </ClInclude>
    <ClInclude Include="Source\Misc\ObjViewer\UI\ObjViewerMenuBarWIdget.h">
      <Filter>Source\Misc\ObjViewer\UI</Filter>
    </ClInclude>
    <ClInclude Include="Source\Misc\ObjViewer\UI\ObjViewerStatWidget.h">
      <Filter>Source\Misc\ObjViewer\UI</Filter>
    </ClInclude>
    <ClInclude Include="Source\Misc\ObjViewer\UI\ObjViewerWidget.h">
      <Filter>Source\Misc\ObjViewer\UI</Filter>
    </ClInclude>
    <ClInclude Include="Source\Misc\ObjViewer\Viewport\ObjViewerViewportClient.h">
      <Filter>Source\Misc\ObjViewer\Viewport</Filter>
    </ClInclude>
    <ClInclude Include="ThirdParty\ImGui\imconfig.h">
      <Filter>ThirdParty\ImGui</Filter>
    </ClInclude>
    <ClInclude Include="ThirdParty\ImGui\imgui.h">
      <Filter>ThirdParty\ImGui</Filter>
    </ClInclude>
    <ClInclude Include="ThirdParty\ImGui\imgui_impl_dx11.h">
      <Filter>ThirdParty\ImGui</Filter>
    </ClInclude>
    <ClInclude Include="ThirdParty\ImGui\imgui_impl_win32.h">
      <Filter>ThirdParty\ImGui</Filter>
    </ClInclude>
    <ClInclude Include="ThirdParty\ImGui\imgui_internal.h">
      <Filter>ThirdParty\ImGui</Filter>
    </ClInclude>
    <ClInclude Include="ThirdParty\ImGui\imstb_rectpack.h">
      <Filter>ThirdParty\ImGui</Filter>
    </ClInclude>
    <ClInclude Include="ThirdParty\ImGui\imstb_textedit.h">
      <Filter>ThirdParty\ImGui</Filter>
    </ClInclude>
    <ClInclude Include="ThirdParty\ImGui\imstb_truetype.h">
      <Filter>ThirdParty\ImGui</Filter>
    </ClInclude>
    <ClInclude Include="ThirdParty\SimpleJSON\json.hpp">
      <Filter>ThirdParty\SimpleJSON</Filter>
    </ClInclude>
    <ClInclude Include="Source\Engine\Geometry\AABB.h" />
    <ClInclude Include="Source\Engine\Geometry\Frustum.h" />
    <ClInclude Include="Source\Engine\Geometry\Plane.h" />
    <ClInclude Include="Source\Engine\Geometry\Ray.h" />
    <ClInclude Include="Source\Engine\Geometry\Transform.h" />
    <ClInclude Include="Source\Engine\Geometry\Triangle.h" />
    <ClInclude Include="Source\Engine\Spatial\BVH.h" />
    <ClInclude Include="Source\Engine\Spatial\KDTree.h" />
  </ItemGroup>
</Project>