<?xml version="1.0" encoding="utf-8"?>
<Project ToolsVersion="4.0" xmlns="http://schemas.microsoft.com/developer/msbuild/2003">
  <ItemGroup>
    <Filter Include="Source">
      <UniqueIdentifier>{eda2fbce-2e37-c3c8-8f8c-35f2a4ff4e59}</UniqueIdentifier>
    </Filter>
    <Filter Include="Source\Axis">
      <UniqueIdentifier>{fd0a8fd4-f8b6-9731-3746-74b723a7b3a0}</UniqueIdentifier>
    </Filter>
    <Filter Include="Source\Controller">
      <UniqueIdentifier>{87711c71-c47c-3353-a198-3ec340231beb}</UniqueIdentifier>
    </Filter>
    <Filter Include="Source\Gizmo">
      <UniqueIdentifier>{2997c27c-11e9-54ee-4b0c-5a71dc20396c}</UniqueIdentifier>
    </Filter>
    <Filter Include="Source\Pawn">
      <UniqueIdentifier>{a777ac28-eaa3-c912-4c4f-9b625f58984b}</UniqueIdentifier>
    </Filter>
    <Filter Include="Source\Picking">
      <UniqueIdentifier>{f6faa914-edd8-6594-d865-4579e893d626}</UniqueIdentifier>
    </Filter>
    <Filter Include="Source\Subsystem">
      <UniqueIdentifier>{8f5e31ae-50f2-4da7-bd3b-7ad0f4ba83bf}</UniqueIdentifier>
    </Filter>
    <Filter Include="Source\UI">
      <UniqueIdentifier>{937fbf30-493d-dd10-0906-014ab75451c6}</UniqueIdentifier>
    </Filter>
    <Filter Include="ThirdParty">
      <UniqueIdentifier>{7f8f3604-0e2c-6720-6445-c319ebeb744c}</UniqueIdentifier>
    </Filter>
    <Filter Include="ThirdParty\imgui">
      <UniqueIdentifier>{f537fb77-e6d2-da20-075d-83fe43a0b307}</UniqueIdentifier>
    </Filter>
  </ItemGroup>
  <ItemGroup>
    <ClCompile Include="Source\EditorEngine.cpp">
      <Filter>Source</Filter>
    </ClCompile>
    <ClCompile Include="Source\main.cpp">
      <Filter>Source</Filter>
    </ClCompile>
    <ClCompile Include="Source\Axis\AxisRenderer.cpp">
      <Filter>Source\Axis</Filter>
    </ClCompile>
    <ClCompile Include="Source\Controller\EditorViewportController.cpp">
      <Filter>Source\Controller</Filter>
    </ClCompile>
    <ClCompile Include="Source\Gizmo\Gizmo.cpp">
      <Filter>Source\Gizmo</Filter>
    </ClCompile>
    <ClCompile Include="Source\Pawn\EditorCameraPawn.cpp">
      <Filter>Source\Pawn</Filter>
    </ClCompile>
    <ClCompile Include="Source\Picking\Picker.cpp">
      <Filter>Source\Picking</Filter>
    </ClCompile>
    <ClCompile Include="Source\Subsystem\EditorCameraSubsystem.cpp">
      <Filter>Source\Subsystem</Filter>
    </ClCompile>
    <ClCompile Include="Source\Subsystem\EditorSelectionSubsystem.cpp">
      <Filter>Source\Subsystem</Filter>
    </ClCompile>
    <ClCompile Include="Source\UI\ConsoleWindow.cpp">
      <Filter>Source\UI</Filter>
    </ClCompile>
    <ClCompile Include="Source\UI\ContentBrowserWindow.cpp">
      <Filter>Source\UI</Filter>
    </ClCompile>
    <ClCompile Include="Source\UI\ControlPanelWindow.cpp">
      <Filter>Source\UI</Filter>
    </ClCompile>
    <ClCompile Include="Source\UI\EditorUI.cpp">
      <Filter>Source\UI</Filter>
    </ClCompile>
    <ClCompile Include="Source\Viewport\EditorViewportClient.cpp">
      <Filter>Source\UI</Filter>
    </ClCompile>
    <ClCompile Include="Source\UI\OutlinerWindow.cpp">
      <Filter>Source\UI</Filter>
    </ClCompile>
    <ClCompile Include="Source\Viewport\PreviewViewportClient.cpp">
      <Filter>Source\UI</Filter>
    </ClCompile>
    <ClCompile Include="Source\UI\PropertyWindow.cpp">
      <Filter>Source\UI</Filter>
    </ClCompile>
    <ClCompile Include="Source\UI\StatWindow.cpp">
      <Filter>Source\UI</Filter>
    </ClCompile>
    <ClCompile Include="ThirdParty\imgui\imgui.cpp">
      <Filter>ThirdParty\imgui</Filter>
    </ClCompile>
    <ClCompile Include="ThirdParty\imgui\imgui_demo.cpp">
      <Filter>ThirdParty\imgui</Filter>
    </ClCompile>
    <ClCompile Include="ThirdParty\imgui\imgui_draw.cpp">
      <Filter>ThirdParty\imgui</Filter>
    </ClCompile>
    <ClCompile Include="ThirdParty\imgui\imgui_impl_dx11.cpp">
      <Filter>ThirdParty\imgui</Filter>
    </ClCompile>
    <ClCompile Include="ThirdParty\imgui\imgui_impl_win32.cpp">
      <Filter>ThirdParty\imgui</Filter>
    </ClCompile>
    <ClCompile Include="ThirdParty\imgui\imgui_tables.cpp">
      <Filter>ThirdParty\imgui</Filter>
    </ClCompile>
    <ClCompile Include="ThirdParty\imgui\imgui_widgets.cpp">
      <Filter>ThirdParty\imgui</Filter>
    </ClCompile>
    <ClCompile Include="EditorGlobals.cpp" />
    <ClCompile Include="Source\Viewport\Viewport.cpp" />
    <ClCompile Include="Source\Viewport\ViewportTypes.cpp" />
    <ClCompile Include="Source\Viewport\BlitRenderer.cpp" />
    <ClCompile Include="Source\Slate\SlateApplication.cpp" />
    <ClCompile Include="Source\Slate\SViewport.cpp" />
    <ClCompile Include="Source\Slate\SplitterV.cpp" />
    <ClCompile Include="Source\Slate\SplitterH.cpp" />
    <ClCompile Include="Source\Viewport\Services\EditorViewportAssetInteractionService.cpp" />
    <ClCompile Include="Source\Viewport\Services\EditorViewportInputService.cpp" />
    <ClCompile Include="Source\Viewport\Services\EditorViewportRenderService.cpp" />
    <ClCompile Include="Source\Viewport\EditorViewportRegistry.cpp" />
    <ClCompile Include="Source\Slate\Widget.cpp" />
    <ClCompile Include="Source\Slate\Painter.cpp" />
    <ClCompile Include="Source\Slate\VerticalBox.cpp" />
    <ClCompile Include="Source\Slate\HorizontalBox.cpp" />
    <ClCompile Include="Source\Slate\TextBlock.cpp" />
    <ClCompile Include="Source\Slate\Overlay.cpp" />
  </ItemGroup>
  <ItemGroup>
    <ClInclude Include="Source\EditorEngine.h">
      <Filter>Source</Filter>
    </ClInclude>
    <ClInclude Include="Source\Axis\AxisRenderer.h">
      <Filter>Source\Axis</Filter>
    </ClInclude>
    <ClInclude Include="Source\Controller\EditorViewportController.h">
      <Filter>Source\Controller</Filter>
    </ClInclude>
    <ClInclude Include="Source\Gizmo\Gizmo.h">
      <Filter>Source\Gizmo</Filter>
    </ClInclude>
    <ClInclude Include="Source\Pawn\EditorCameraPawn.h">
      <Filter>Source\Pawn</Filter>
    </ClInclude>
    <ClInclude Include="Source\Picking\Picker.h">
      <Filter>Source\Picking</Filter>
    </ClInclude>
    <ClInclude Include="Source\Subsystem\EditorCameraSubsystem.h">
      <Filter>Source\Subsystem</Filter>
    </ClInclude>
    <ClInclude Include="Source\Subsystem\EditorSelectionSubsystem.h">
      <Filter>Source\Subsystem</Filter>
    </ClInclude>
    <ClInclude Include="Source\UI\ConsoleWindow.h">
      <Filter>Source\UI</Filter>
    </ClInclude>
    <ClInclude Include="Source\UI\ContentBrowserWindow.h">
      <Filter>Source\UI</Filter>
    </ClInclude>
    <ClInclude Include="Source\UI\ControlPanelWindow.h">
      <Filter>Source\UI</Filter>
    </ClInclude>
    <ClInclude Include="Source\UI\EditorUI.h">
      <Filter>Source\UI</Filter>
    </ClInclude>
    <ClInclude Include="Source\Viewport\EditorViewportClient.h">
      <Filter>Source\UI</Filter>
    </ClInclude>
    <ClInclude Include="Source\UI\OutlinerWindow.h">
      <Filter>Source\UI</Filter>
    </ClInclude>
    <ClInclude Include="Source\Viewport\PreviewViewportClient.h">
      <Filter>Source\UI</Filter>
    </ClInclude>
    <ClInclude Include="Source\UI\PropertyWindow.h">
      <Filter>Source\UI</Filter>
    </ClInclude>
    <ClInclude Include="Source\UI\StatWindow.h">
      <Filter>Source\UI</Filter>
    </ClInclude>
    <ClInclude Include="ThirdParty\imgui\imconfig.h">
      <Filter>ThirdParty\imgui</Filter>
    </ClInclude>
    <ClInclude Include="ThirdParty\imgui\imgui.h">
      <Filter>ThirdParty\imgui</Filter>
    </ClInclude>
    <ClInclude Include="ThirdParty\imgui\imgui_impl_dx11.h">
      <Filter>ThirdParty\imgui</Filter>
    </ClInclude>
    <ClInclude Include="ThirdParty\imgui\imgui_impl_win32.h">
      <Filter>ThirdParty\imgui</Filter>
    </ClInclude>
    <ClInclude Include="ThirdParty\imgui\imgui_internal.h">
      <Filter>ThirdParty\imgui</Filter>
    </ClInclude>
    <ClInclude Include="ThirdParty\imgui\imstb_rectpack.h">
      <Filter>ThirdParty\imgui</Filter>
    </ClInclude>
    <ClInclude Include="ThirdParty\imgui\imstb_textedit.h">
      <Filter>ThirdParty\imgui</Filter>
    </ClInclude>
    <ClInclude Include="ThirdParty\imgui\imstb_truetype.h">
      <Filter>ThirdParty\imgui</Filter>
    </ClInclude>
    <ClInclude Include="EditorGlobals.h" />
    <ClInclude Include="Source\Viewport\Viewport.h" />
    <ClInclude Include="Source\Viewport\ViewportTypes.h" />
    <ClInclude Include="Source\Viewport\BlitRenderer.h" />
    <ClInclude Include="Source\Slate\SlateApplication.h" />
    <ClInclude Include="Source\Slate\Splitter.h" />
    <ClInclude Include="Source\Slate\SViewport.h" />
    <ClInclude Include="Source\Slate\Window.h" />
    <ClInclude Include="Source\Slate\SplitterH.h" />
    <ClInclude Include="Source\Slate\SplitterV.h" />
    <ClInclude Include="Source\Viewport\Services\EditorViewportAssetInteractionService.h" />
    <ClInclude Include="Source\Viewport\Services\EditorViewportInputService.h" />
    <ClInclude Include="Source\Viewport\Services\EditorViewportRenderService.h" />
    <ClInclude Include="Source\Viewport\EditorViewportRegistry.h" />
    <ClInclude Include="Source\Slate\Widget.h" />
    <ClInclude Include="Source\Slate\Painter.h" />
    <ClInclude Include="Source\Slate\TextBlock.h" />
    <ClInclude Include="Source\Slate\Image.h" />
    <ClInclude Include="Source\Slate\Slot.h" />
    <ClInclude Include="Source\Slate\VerticalBox.h" />
    <ClInclude Include="Source\Slate\Panel.h" />
    <ClInclude Include="Source\Slate\HorizontalBox.h" />
    <ClInclude Include="Source\Slate\Overlay.h" />
  </ItemGroup>
  <ItemGroup>
    <None Include="ThirdParty\imgui\imgui.natstepfilter">
      <Filter>ThirdParty\imgui</Filter>
    </None>
  </ItemGroup>
  <ItemGroup>
    <Natvis Include="ThirdParty\imgui\imgui.natvis">
      <Filter>ThirdParty\imgui</Filter>
    </Natvis>
  </ItemGroup>
</Project>